
Microsoft Visual Studio Solution File, Format Version 12.00
# Visual Studio Version 17
VisualStudioVersion = 17.5.002.0
MinimumVisualStudioVersion = 10.0.40219.1
Project("{9A19103F-16F7-4668-BE54-9A1E7A4F7556}") = "Møteplanlegger", "Møteplanlegger.csproj", "{3D7FFB30-A7AC-45F5-9ACB-4BE3C5C5EC14}"
EndProject
Global
	GlobalSection(SolutionConfigurationPlatforms) = preSolution
		Debug|Any CPU = Debug|Any CPU
		Release|Any CPU = Release|Any CPU
	EndGlobalSection
	GlobalSection(ProjectConfigurationPlatforms) = postSolution
		{3D7FFB30-A7AC-45F5-9ACB-4BE3C5C5EC14}.Debug|Any CPU.ActiveCfg = Debug|Any CPU
		{3D7FFB30-A7AC-45F5-9ACB-4BE3C5C5EC14}.Debug|Any CPU.Build.0 = Debug|Any CPU
		{3D7FFB30-A7AC-45F5-9ACB-4BE3C5C5EC14}.Release|Any CPU.ActiveCfg = Release|Any CPU
		{3D7FFB30-A7AC-45F5-9ACB-4BE3C5C5EC14}.Release|Any CPU.Build.0 = Release|Any CPU
	EndGlobalSection
	GlobalSection(SolutionProperties) = preSolution
		HideSolutionNode = FALSE
	EndGlobalSection
	GlobalSection(ExtensibilityGlobals) = postSolution
		SolutionGuid = {12B354CB-A8E0-4005-97A1-80618B72583D}
	EndGlobalSection
EndGlobal
